
Microsoft Visual Studio Solution File, Format Version 12.00
# Visual Studio Version 17
VisualStudioVersion = 17.7.34031.279
MinimumVisualStudioVersion = 10.0.40219.1
Project("{FAE04EC0-301F-11D3-BF4B-00C04F79EFBC}") = "Lab2.3.Bazov.lvl.kruchinina", "Lab2.3.Bazov.lvl.kruchinina\Lab2.3.Bazov.lvl.kruchinina.csproj", "{A1FD33A9-F131-4D16-AC0C-6ED21467EABD}"
EndProject
Global
	GlobalSection(SolutionConfigurationPlatforms) = preSolution
		Debug|Any CPU = Debug|Any CPU
		Release|Any CPU = Release|Any CPU
	EndGlobalSection
	GlobalSection(ProjectConfigurationPlatforms) = postSolution
		{A1FD33A9-F131-4D16-AC0C-6ED21467EABD}.Debug|Any CPU.ActiveCfg = Debug|Any CPU
		{A1FD33A9-F131-4D16-AC0C-6ED21467EABD}.Debug|Any CPU.Build.0 = Debug|Any CPU
		{A1FD33A9-F131-4D16-AC0C-6ED21467EABD}.Release|Any CPU.ActiveCfg = Release|Any CPU
		{A1FD33A9-F131-4D16-AC0C-6ED21467EABD}.Release|Any CPU.Build.0 = Release|Any CPU
	EndGlobalSection
	GlobalSection(SolutionProperties) = preSolution
		HideSolutionNode = FALSE
	EndGlobalSection
	GlobalSection(ExtensibilityGlobals) = postSolution
		SolutionGuid = {1024E7E6-5A68-4D94-A70D-2C04B0372AAD}
	EndGlobalSection
EndGlobal
